{
  "requires": true,
  "lockfileVersion": 1,
  "dependencies": {
    "@juggle/resize-observer": {
      "version": "3.3.1",
      "resolved": "https://registry.npmjs.org/@juggle/resize-observer/-/resize-observer-3.3.1.tgz",
      "integrity": "sha512-zMM9Ds+SawiUkakS7y94Ymqx+S0ORzpG3frZirN3l+UlXUmSUR7hF4wxCVqW+ei94JzV5kt0uXBcoOEAuiydrw=="
    },
    "can-use-dom": {
      "version": "0.1.0",
      "resolved": "https://registry.npmjs.org/can-use-dom/-/can-use-dom-0.1.0.tgz",
      "integrity": "sha1-IsxKNKCrxDlQ9CxkEQJKP2NmtFo="
    },
    "core-js": {
      "version": "3.20.0",
      "resolved": "https://registry.npmjs.org/core-js/-/core-js-3.20.0.tgz",
      "integrity": "sha512-KjbKU7UEfg4YPpskMtMXPhUKn7m/1OdTHTVjy09ScR2LVaoUXe8Jh0UdvN2EKUR6iKTJph52SJP95mAB0MnVLQ=="
    },
    "lodash.debounce": {
      "version": "4.0.8",
      "resolved": "https://registry.npmjs.org/lodash.debounce/-/lodash.debounce-4.0.8.tgz",
      "integrity": "sha1-gteb/zCmfEAF/9XiUVMArZyk168="
    },
    "lodash.memoize": {
      "version": "4.1.2",
      "resolved": "https://registry.npmjs.org/lodash.memoize/-/lodash.memoize-4.1.2.tgz",
      "integrity": "sha1-vMbEmkKihA7Zl/Mj6tpezRguC/4="
    },
    "lodash.throttle": {
      "version": "4.1.1",
      "resolved": "https://registry.npmjs.org/lodash.throttle/-/lodash.throttle-4.1.1.tgz",
      "integrity": "sha1-wj6RtxAkKscMN/HhzaknTMOb8vQ="
    },
    "simplebar": {
      "version": "5.3.6",
      "resolved": "https://registry.npmjs.org/simplebar/-/simplebar-5.3.6.tgz",
      "integrity": "sha512-FJUMbV+hNDd/m+1/fvD41TXKd5mSdlI5zgBygkaQIV3SffNbcLhSbJT6ufTs8ZNRLJ6i+qc/KCFMqWmvlGWMhA==",
      "requires": {
        "@juggle/resize-observer": "^3.3.1",
        "can-use-dom": "^0.1.0",
        "core-js": "^3.0.1",
        "lodash.debounce": "^4.0.8",
        "lodash.memoize": "^4.1.2",
        "lodash.throttle": "^4.1.1"
      }
    },
    "simplebar-vue": {
      "version": "1.6.8",
      "resolved": "https://registry.npmjs.org/simplebar-vue/-/simplebar-vue-1.6.8.tgz",
      "integrity": "sha512-rykHqyDxeylI3z2NOAsiD+rhcx+cfiOrfnIotDJFC8FqoO4jyJMEN8Q+61PTMOfVJA0oSWFZySlagCH6lG+5qQ==",
      "requires": {
        "core-js": "^3.0.1",
        "simplebar": "^5.3.6"
      }
    }
  }
}
